
Microsoft Visual Studio Solution File, Format Version 12.00
# Visual Studio Version 17
VisualStudioVersion = 17.1.31903.286
MinimumVisualStudioVersion = 10.0.40219.1
Project("{9A19103F-16F7-4668-BE54-9A1E7A4F7556}") = "InfluxDB Exporter", "InfluxDB Exporter.csproj", "{68E3F20A-3FCB-46F7-B5D1-1C3BAD0968A0}"
EndProject
Global
	GlobalSection(SolutionConfigurationPlatforms) = preSolution
		Debug|Any CPU = Debug|Any CPU
		Release|Any CPU = Release|Any CPU
	EndGlobalSection
	GlobalSection(ProjectConfigurationPlatforms) = postSolution
		{68E3F20A-3FCB-46F7-B5D1-1C3BAD0968A0}.Debug|Any CPU.ActiveCfg = Debug|Any CPU
		{68E3F20A-3FCB-46F7-B5D1-1C3BAD0968A0}.Debug|Any CPU.Build.0 = Debug|Any CPU
		{68E3F20A-3FCB-46F7-B5D1-1C3BAD0968A0}.Release|Any CPU.ActiveCfg = Release|Any CPU
		{68E3F20A-3FCB-46F7-B5D1-1C3BAD0968A0}.Release|Any CPU.Build.0 = Release|Any CPU
	EndGlobalSection
	GlobalSection(SolutionProperties) = preSolution
		HideSolutionNode = FALSE
	EndGlobalSection
	GlobalSection(ExtensibilityGlobals) = postSolution
		SolutionGuid = {323075D1-916B-4D86-9E50-8096FD4DA750}
	EndGlobalSection
EndGlobal
